
Microsoft Visual Studio Solution File, Format Version 12.00
# Visual Studio Version 17
VisualStudioVersion = 17.0.31903.59
MinimumVisualStudioVersion = 10.0.40219.1
Project("{9A19103F-16F7-4668-BE54-9A1E7A4F7556}") = "TopUpBeneficiary.Api", "TopUpBeneficiary.Api\TopUpBeneficiary.Api.csproj", "{64842FB6-6744-4C98-938C-D8C8C51A255A}"
EndProject
Project("{2150E333-8FDC-42A3-9474-1A3956D46DE8}") = "src", "src", "{48CA4507-4EF9-460D-9D4D-0E303AEE4C43}"
EndProject
Project("{2150E333-8FDC-42A3-9474-1A3956D46DE8}") = "TopUpMicroService", "TopUpMicroService", "{B8FD55C9-BEA3-461F-9D7C-109706EA0F5A}"
EndProject
Project("{9A19103F-16F7-4668-BE54-9A1E7A4F7556}") = "TopUpBeneficiary.Application", "TopUpBeneficiary.Application\TopUpBeneficiary.Application.csproj", "{C974356D-1C75-4F40-9438-FD0A8FE319DC}"
EndProject
Project("{9A19103F-16F7-4668-BE54-9A1E7A4F7556}") = "TopUpBeneficiary.Domain", "TopUpBeneficiary.Domain\TopUpBeneficiary.Domain.csproj", "{05B89E66-ADEC-47A7-BDBF-05D5FB202A7F}"
EndProject
Project("{9A19103F-16F7-4668-BE54-9A1E7A4F7556}") = "TopUpBeneficiary.Infrastructure", "TopUpBeneficiary.Infrastructure\TopUpBeneficiary.Infrastructure.csproj", "{F68D10F7-C92B-41F5-8C10-A246BAC1DFB2}"
EndProject
Project("{2150E333-8FDC-42A3-9474-1A3956D46DE8}") = "AccountsMicroService", "AccountsMicroService", "{B78AAC90-3D06-4A1C-870C-A58E3852B676}"
EndProject
Project("{9A19103F-16F7-4668-BE54-9A1E7A4F7556}") = "Accounts.Api", "Accounts.Api\Accounts.Api.csproj", "{111C3303-3237-4E26-997F-210E9F4B7157}"
EndProject
Project("{9A19103F-16F7-4668-BE54-9A1E7A4F7556}") = "Accounts.Application", "Accounts.Application\Accounts.Application.csproj", "{617C9609-FF05-487D-AF11-871598C3686E}"
EndProject
Project("{9A19103F-16F7-4668-BE54-9A1E7A4F7556}") = "Accounts.Domain", "Accounts.Domain\Accounts.Domain.csproj", "{7E00D6D8-FEAC-4F6C-A57B-F9ED39FF8A09}"
EndProject
Project("{9A19103F-16F7-4668-BE54-9A1E7A4F7556}") = "Commons", "Commons\Commons.csproj", "{944EBCE8-C823-4A33-ABA2-788E7025FDBA}"
EndProject
Project("{9A19103F-16F7-4668-BE54-9A1E7A4F7556}") = "Accounts.Infrastructure", "Accounts.Infrastructure\Accounts.Infrastructure.csproj", "{DD623BCF-BBD3-4BA0-8E55-CB3B44E0E431}"
EndProject
Project("{2150E333-8FDC-42A3-9474-1A3956D46DE8}") = "tests", "tests", "{611C0842-A2D9-40E4-8AF6-C48E398EDC24}"
EndProject
Project("{9A19103F-16F7-4668-BE54-9A1E7A4F7556}") = "TopUpBeneficiaryService.UnitTests", "Services.UnitTests\TopUpBeneficiaryService.UnitTests.csproj", "{4C0B9820-AFD3-46F9-9010-DDBEECB23EBA}"
EndProject
Global
	GlobalSection(SolutionConfigurationPlatforms) = preSolution
		Debug|Any CPU = Debug|Any CPU
		Release|Any CPU = Release|Any CPU
	EndGlobalSection
	GlobalSection(ProjectConfigurationPlatforms) = postSolution
		{64842FB6-6744-4C98-938C-D8C8C51A255A}.Debug|Any CPU.ActiveCfg = Debug|Any CPU
		{64842FB6-6744-4C98-938C-D8C8C51A255A}.Debug|Any CPU.Build.0 = Debug|Any CPU
		{64842FB6-6744-4C98-938C-D8C8C51A255A}.Release|Any CPU.ActiveCfg = Release|Any CPU
		{64842FB6-6744-4C98-938C-D8C8C51A255A}.Release|Any CPU.Build.0 = Release|Any CPU
		{C974356D-1C75-4F40-9438-FD0A8FE319DC}.Debug|Any CPU.ActiveCfg = Debug|Any CPU
		{C974356D-1C75-4F40-9438-FD0A8FE319DC}.Debug|Any CPU.Build.0 = Debug|Any CPU
		{C974356D-1C75-4F40-9438-FD0A8FE319DC}.Release|Any CPU.ActiveCfg = Release|Any CPU
		{C974356D-1C75-4F40-9438-FD0A8FE319DC}.Release|Any CPU.Build.0 = Release|Any CPU
		{05B89E66-ADEC-47A7-BDBF-05D5FB202A7F}.Debug|Any CPU.ActiveCfg = Debug|Any CPU
		{05B89E66-ADEC-47A7-BDBF-05D5FB202A7F}.Debug|Any CPU.Build.0 = Debug|Any CPU
		{05B89E66-ADEC-47A7-BDBF-05D5FB202A7F}.Release|Any CPU.ActiveCfg = Release|Any CPU
		{05B89E66-ADEC-47A7-BDBF-05D5FB202A7F}.Release|Any CPU.Build.0 = Release|Any CPU
		{F68D10F7-C92B-41F5-8C10-A246BAC1DFB2}.Debug|Any CPU.ActiveCfg = Debug|Any CPU
		{F68D10F7-C92B-41F5-8C10-A246BAC1DFB2}.Debug|Any CPU.Build.0 = Debug|Any CPU
		{F68D10F7-C92B-41F5-8C10-A246BAC1DFB2}.Release|Any CPU.ActiveCfg = Release|Any CPU
		{F68D10F7-C92B-41F5-8C10-A246BAC1DFB2}.Release|Any CPU.Build.0 = Release|Any CPU
		{111C3303-3237-4E26-997F-210E9F4B7157}.Debug|Any CPU.ActiveCfg = Debug|Any CPU
		{111C3303-3237-4E26-997F-210E9F4B7157}.Debug|Any CPU.Build.0 = Debug|Any CPU
		{111C3303-3237-4E26-997F-210E9F4B7157}.Release|Any CPU.ActiveCfg = Release|Any CPU
		{111C3303-3237-4E26-997F-210E9F4B7157}.Release|Any CPU.Build.0 = Release|Any CPU
		{617C9609-FF05-487D-AF11-871598C3686E}.Debug|Any CPU.ActiveCfg = Debug|Any CPU
		{617C9609-FF05-487D-AF11-871598C3686E}.Debug|Any CPU.Build.0 = Debug|Any CPU
		{617C9609-FF05-487D-AF11-871598C3686E}.Release|Any CPU.ActiveCfg = Release|Any CPU
		{617C9609-FF05-487D-AF11-871598C3686E}.Release|Any CPU.Build.0 = Release|Any CPU
		{7E00D6D8-FEAC-4F6C-A57B-F9ED39FF8A09}.Debug|Any CPU.ActiveCfg = Debug|Any CPU
		{7E00D6D8-FEAC-4F6C-A57B-F9ED39FF8A09}.Debug|Any CPU.Build.0 = Debug|Any CPU
		{7E00D6D8-FEAC-4F6C-A57B-F9ED39FF8A09}.Release|Any CPU.ActiveCfg = Release|Any CPU
		{7E00D6D8-FEAC-4F6C-A57B-F9ED39FF8A09}.Release|Any CPU.Build.0 = Release|Any CPU
		{944EBCE8-C823-4A33-ABA2-788E7025FDBA}.Debug|Any CPU.ActiveCfg = Debug|Any CPU
		{944EBCE8-C823-4A33-ABA2-788E7025FDBA}.Debug|Any CPU.Build.0 = Debug|Any CPU
		{944EBCE8-C823-4A33-ABA2-788E7025FDBA}.Release|Any CPU.ActiveCfg = Release|Any CPU
		{944EBCE8-C823-4A33-ABA2-788E7025FDBA}.Release|Any CPU.Build.0 = Release|Any CPU
		{DD623BCF-BBD3-4BA0-8E55-CB3B44E0E431}.Debug|Any CPU.ActiveCfg = Debug|Any CPU
		{DD623BCF-BBD3-4BA0-8E55-CB3B44E0E431}.Debug|Any CPU.Build.0 = Debug|Any CPU
		{DD623BCF-BBD3-4BA0-8E55-CB3B44E0E431}.Release|Any CPU.ActiveCfg = Release|Any CPU
		{DD623BCF-BBD3-4BA0-8E55-CB3B44E0E431}.Release|Any CPU.Build.0 = Release|Any CPU
		{4C0B9820-AFD3-46F9-9010-DDBEECB23EBA}.Debug|Any CPU.ActiveCfg = Debug|Any CPU
		{4C0B9820-AFD3-46F9-9010-DDBEECB23EBA}.Debug|Any CPU.Build.0 = Debug|Any CPU
		{4C0B9820-AFD3-46F9-9010-DDBEECB23EBA}.Release|Any CPU.ActiveCfg = Release|Any CPU
		{4C0B9820-AFD3-46F9-9010-DDBEECB23EBA}.Release|Any CPU.Build.0 = Release|Any CPU
	EndGlobalSection
	GlobalSection(SolutionProperties) = preSolution
		HideSolutionNode = FALSE
	EndGlobalSection
	GlobalSection(NestedProjects) = preSolution
		{64842FB6-6744-4C98-938C-D8C8C51A255A} = {B8FD55C9-BEA3-461F-9D7C-109706EA0F5A}
		{B8FD55C9-BEA3-461F-9D7C-109706EA0F5A} = {48CA4507-4EF9-460D-9D4D-0E303AEE4C43}
		{C974356D-1C75-4F40-9438-FD0A8FE319DC} = {B8FD55C9-BEA3-461F-9D7C-109706EA0F5A}
		{05B89E66-ADEC-47A7-BDBF-05D5FB202A7F} = {B8FD55C9-BEA3-461F-9D7C-109706EA0F5A}
		{F68D10F7-C92B-41F5-8C10-A246BAC1DFB2} = {B8FD55C9-BEA3-461F-9D7C-109706EA0F5A}
		{B78AAC90-3D06-4A1C-870C-A58E3852B676} = {48CA4507-4EF9-460D-9D4D-0E303AEE4C43}
		{111C3303-3237-4E26-997F-210E9F4B7157} = {B78AAC90-3D06-4A1C-870C-A58E3852B676}
		{617C9609-FF05-487D-AF11-871598C3686E} = {B78AAC90-3D06-4A1C-870C-A58E3852B676}
		{7E00D6D8-FEAC-4F6C-A57B-F9ED39FF8A09} = {B78AAC90-3D06-4A1C-870C-A58E3852B676}
		{944EBCE8-C823-4A33-ABA2-788E7025FDBA} = {48CA4507-4EF9-460D-9D4D-0E303AEE4C43}
		{DD623BCF-BBD3-4BA0-8E55-CB3B44E0E431} = {B78AAC90-3D06-4A1C-870C-A58E3852B676}
		{4C0B9820-AFD3-46F9-9010-DDBEECB23EBA} = {611C0842-A2D9-40E4-8AF6-C48E398EDC24}
	EndGlobalSection
	GlobalSection(ExtensibilityGlobals) = postSolution
		SolutionGuid = {01513B44-3B5F-4939-9ECD-867B8CF0D912}
	EndGlobalSection
EndGlobal
